// !$*UTF8*$!
{
	archiveVersion = 1;
	classes = {
	};
	objectVersion = 56;
	objects = {

/* Begin PBXBuildFile section */
		B4AAE0C62BBAD87A00F0D721 /* BaseCollectionViewCell.swift in Sources */ = {isa = PBXBuildFile; fileRef = B4AAE0C52BBAD87A00F0D721 /* BaseCollectionViewCell.swift */; };
		B4AAE0CC2BBAFAB100F0D721 /* DetailAppInfoDescriptionTableViewCell.swift in Sources */ = {isa = PBXBuildFile; fileRef = B4AAE0CB2BBAFAB100F0D721 /* DetailAppInfoDescriptionTableViewCell.swift */; };
		B4AAE0CE2BBAFC6500F0D721 /* DetailAppInfoMainTableViewCell.swift in Sources */ = {isa = PBXBuildFile; fileRef = B4AAE0CD2BBAFC6500F0D721 /* DetailAppInfoMainTableViewCell.swift */; };
		B4AAE0D02BBAFCDE00F0D721 /* DetailAppInfoScreenshotListTableViewCell.swift in Sources */ = {isa = PBXBuildFile; fileRef = B4AAE0CF2BBAFCDE00F0D721 /* DetailAppInfoScreenshotListTableViewCell.swift */; };
		B4AAE0D62BBB0DF800F0D721 /* ScreenshotListCollectionViewCell.swift in Sources */ = {isa = PBXBuildFile; fileRef = B4AAE0D52BBB0DF800F0D721 /* ScreenshotListCollectionViewCell.swift */; };
		B4AAE0E42BBB13F600F0D721 /* SearchCoordinator.swift in Sources */ = {isa = PBXBuildFile; fileRef = B4AAE0E32BBB13F600F0D721 /* SearchCoordinator.swift */; };
		B4AAE0F72BBB17B000F0D721 /* RecentTerm+CoreDataClass.swift in Sources */ = {isa = PBXBuildFile; fileRef = B4AAE0F52BBB17B000F0D721 /* RecentTerm+CoreDataClass.swift */; };
		B4AAE0F82BBB17B000F0D721 /* RecentTerm+CoreDataProperties.swift in Sources */ = {isa = PBXBuildFile; fileRef = B4AAE0F62BBB17B000F0D721 /* RecentTerm+CoreDataProperties.swift */; };
		B4AAE0FA2BBB17CE00F0D721 /* CoreDataStack.swift in Sources */ = {isa = PBXBuildFile; fileRef = B4AAE0F92BBB17CE00F0D721 /* CoreDataStack.swift */; };
		B4AAE0FE2BBB182300F0D721 /* RecentTermStore.swift in Sources */ = {isa = PBXBuildFile; fileRef = B4AAE0FD2BBB182300F0D721 /* RecentTermStore.swift */; };
		B4AAE1002BBB187400F0D721 /* RecentTermRepository.swift in Sources */ = {isa = PBXBuildFile; fileRef = B4AAE0FF2BBB187400F0D721 /* RecentTermRepository.swift */; };
		B4AAE1042BBB235800F0D721 /* DataModel.xcdatamodeld in Sources */ = {isa = PBXBuildFile; fileRef = B4AAE0F22BBB176800F0D721 /* DataModel.xcdatamodeld */; };
		B4AAE1062BBB281A00F0D721 /* RecentTermModelSection.swift in Sources */ = {isa = PBXBuildFile; fileRef = B4AAE1052BBB281A00F0D721 /* RecentTermModelSection.swift */; };
		B4AAE1082BBB287700F0D721 /* RecentTermModel.swift in Sources */ = {isa = PBXBuildFile; fileRef = B4AAE1072BBB287700F0D721 /* RecentTermModel.swift */; };
		B4AAE10B2BBB2A6100F0D721 /* UITableView+Rx.swift in Sources */ = {isa = PBXBuildFile; fileRef = B4AAE10A2BBB2A6100F0D721 /* UITableView+Rx.swift */; };
		B4AAE10D2BBB2A7800F0D721 /* UITableView+Ex.swift in Sources */ = {isa = PBXBuildFile; fileRef = B4AAE10C2BBB2A7800F0D721 /* UITableView+Ex.swift */; };
		B4AAE10F2BBB2B4500F0D721 /* EmptyView.swift in Sources */ = {isa = PBXBuildFile; fileRef = B4AAE10E2BBB2B4500F0D721 /* EmptyView.swift */; };
		B4EA32602BB7D74500BC3ECA /* AppDelegate.swift in Sources */ = {isa = PBXBuildFile; fileRef = B4EA325F2BB7D74500BC3ECA /* AppDelegate.swift */; };
		B4EA32622BB7D74500BC3ECA /* SceneDelegate.swift in Sources */ = {isa = PBXBuildFile; fileRef = B4EA32612BB7D74500BC3ECA /* SceneDelegate.swift */; };
		B4EA32692BB7D74600BC3ECA /* Assets.xcassets in Resources */ = {isa = PBXBuildFile; fileRef = B4EA32682BB7D74600BC3ECA /* Assets.xcassets */; };
		B4EA326C2BB7D74600BC3ECA /* Base in Resources */ = {isa = PBXBuildFile; fileRef = B4EA326B2BB7D74600BC3ECA /* Base */; };
		B4EA32772BB7D74600BC3ECA /* AppStoreTests.swift in Sources */ = {isa = PBXBuildFile; fileRef = B4EA32762BB7D74600BC3ECA /* AppStoreTests.swift */; };
		B4EA32812BB7D74600BC3ECA /* AppStoreUITests.swift in Sources */ = {isa = PBXBuildFile; fileRef = B4EA32802BB7D74600BC3ECA /* AppStoreUITests.swift */; };
		B4EA32832BB7D74600BC3ECA /* AppStoreUITestsLaunchTests.swift in Sources */ = {isa = PBXBuildFile; fileRef = B4EA32822BB7D74600BC3ECA /* AppStoreUITestsLaunchTests.swift */; };
		B4EA32942BB7DAF300BC3ECA /* Moya in Frameworks */ = {isa = PBXBuildFile; productRef = B4EA32932BB7DAF300BC3ECA /* Moya */; };
		B4EA32972BB7DB1000BC3ECA /* Kingfisher in Frameworks */ = {isa = PBXBuildFile; productRef = B4EA32962BB7DB1000BC3ECA /* Kingfisher */; };
		B4EA329A2BB7DB1C00BC3ECA /* RxSwift in Frameworks */ = {isa = PBXBuildFile; productRef = B4EA32992BB7DB1C00BC3ECA /* RxSwift */; };
		B4EA329C2BB7DB2500BC3ECA /* RxDataSources in Frameworks */ = {isa = PBXBuildFile; productRef = B4EA329B2BB7DB2500BC3ECA /* RxDataSources */; };
		B4EA329E2BB7DB4300BC3ECA /* SnapKit in Frameworks */ = {isa = PBXBuildFile; productRef = B4EA329D2BB7DB4300BC3ECA /* SnapKit */; };
		B4EA32A92BB7E3D700BC3ECA /* Coordinator.swift in Sources */ = {isa = PBXBuildFile; fileRef = B4EA32A82BB7E3D700BC3ECA /* Coordinator.swift */; };
		B4EA32AB2BB7E62F00BC3ECA /* AppCoordinator.swift in Sources */ = {isa = PBXBuildFile; fileRef = B4EA32AA2BB7E62F00BC3ECA /* AppCoordinator.swift */; };
		B4EA32AF2BB7E78300BC3ECA /* TabBarCoordinator.swift in Sources */ = {isa = PBXBuildFile; fileRef = B4EA32AE2BB7E78300BC3ECA /* TabBarCoordinator.swift */; };
		B4EA32B62BB7E93000BC3ECA /* TabBarItem.swift in Sources */ = {isa = PBXBuildFile; fileRef = B4EA32B52BB7E93000BC3ECA /* TabBarItem.swift */; };
		B4EA32C02BB8010200BC3ECA /* SearchViewController.swift in Sources */ = {isa = PBXBuildFile; fileRef = B4EA32BF2BB8010200BC3ECA /* SearchViewController.swift */; };
		B4EA32C42BB8043600BC3ECA /* BaseViewController.swift in Sources */ = {isa = PBXBuildFile; fileRef = B4EA32C32BB8043600BC3ECA /* BaseViewController.swift */; };
		B4EA32C62BB875CF00BC3ECA /* SearchResultsViewController.swift in Sources */ = {isa = PBXBuildFile; fileRef = B4EA32C52BB875CF00BC3ECA /* SearchResultsViewController.swift */; };
		B4EA32C82BB876D500BC3ECA /* BaseTableViewCell.swift in Sources */ = {isa = PBXBuildFile; fileRef = B4EA32C72BB876D500BC3ECA /* BaseTableViewCell.swift */; };
		B4EA32CB2BB8773C00BC3ECA /* ReusableView+Ex.swift in Sources */ = {isa = PBXBuildFile; fileRef = B4EA32CA2BB8773C00BC3ECA /* ReusableView+Ex.swift */; };
		B4EA32D02BB87B2200BC3ECA /* RecentSearchTableViewCell.swift in Sources */ = {isa = PBXBuildFile; fileRef = B4EA32CF2BB87B2200BC3ECA /* RecentSearchTableViewCell.swift */; };
		B4EA32D32BB87C8100BC3ECA /* RecentSearchHeaderView.swift in Sources */ = {isa = PBXBuildFile; fileRef = B4EA32D22BB87C8100BC3ECA /* RecentSearchHeaderView.swift */; };
		B4EA32D52BB87D7A00BC3ECA /* BaseTableViewHeaderFooterView.swift in Sources */ = {isa = PBXBuildFile; fileRef = B4EA32D42BB87D7A00BC3ECA /* BaseTableViewHeaderFooterView.swift */; };
		B4EA32D92BB8803C00BC3ECA /* SearchingStateTableViewCell.swift in Sources */ = {isa = PBXBuildFile; fileRef = B4EA32D82BB8803C00BC3ECA /* SearchingStateTableViewCell.swift */; };
		B4EA32DC2BB9312800BC3ECA /* SearchTarget.swift in Sources */ = {isa = PBXBuildFile; fileRef = B4EA32DB2BB9312800BC3ECA /* SearchTarget.swift */; };
		B4EA32DF2BB934CF00BC3ECA /* SearchRepository.swift in Sources */ = {isa = PBXBuildFile; fileRef = B4EA32DE2BB934CF00BC3ECA /* SearchRepository.swift */; };
		B4EA32E22BB934E500BC3ECA /* SearchRepositoryType.swift in Sources */ = {isa = PBXBuildFile; fileRef = B4EA32E12BB934E500BC3ECA /* SearchRepositoryType.swift */; };
		B4EA32E52BB9449000BC3ECA /* SearchResults.swift in Sources */ = {isa = PBXBuildFile; fileRef = B4EA32E42BB9449000BC3ECA /* SearchResults.swift */; };
		B4EA32E92BB947A600BC3ECA /* SearchRquest.swift in Sources */ = {isa = PBXBuildFile; fileRef = B4EA32E82BB947A600BC3ECA /* SearchRquest.swift */; };
		B4EA32EB2BB95F7B00BC3ECA /* AppInfo.swift in Sources */ = {isa = PBXBuildFile; fileRef = B4EA32EA2BB95F7B00BC3ECA /* AppInfo.swift */; };
		B4EA32EE2BB960B000BC3ECA /* ViewModelType.swift in Sources */ = {isa = PBXBuildFile; fileRef = B4EA32ED2BB960B000BC3ECA /* ViewModelType.swift */; };
		B4EA32F22BB9610200BC3ECA /* UIViewController+Rx.swift in Sources */ = {isa = PBXBuildFile; fileRef = B4EA32F12BB9610200BC3ECA /* UIViewController+Rx.swift */; };
		B4EA32F42BB9616900BC3ECA /* SearchViewModel.swift in Sources */ = {isa = PBXBuildFile; fileRef = B4EA32F32BB9616900BC3ECA /* SearchViewModel.swift */; };
		B4EA32F72BB9654900BC3ECA /* SearchUseCase.swift in Sources */ = {isa = PBXBuildFile; fileRef = B4EA32F62BB9654900BC3ECA /* SearchUseCase.swift */; };
		B4EA32FA2BB965D500BC3ECA /* SearchUseCaseImpl.swift in Sources */ = {isa = PBXBuildFile; fileRef = B4EA32F92BB965D500BC3ECA /* SearchUseCaseImpl.swift */; };
		B4EA32FD2BB96A7100BC3ECA /* SearchResultSection.swift in Sources */ = {isa = PBXBuildFile; fileRef = B4EA32FC2BB96A7100BC3ECA /* SearchResultSection.swift */; };
		B4EA32FF2BB9A8D700BC3ECA /* SearchCompletedTableViewCell.swift in Sources */ = {isa = PBXBuildFile; fileRef = B4EA32FE2BB9A8D700BC3ECA /* SearchCompletedTableViewCell.swift */; };
		B4EA33012BB9BB1900BC3ECA /* UIImageView+Ex.swift in Sources */ = {isa = PBXBuildFile; fileRef = B4EA33002BB9BB1900BC3ECA /* UIImageView+Ex.swift */; };
		B4EA33032BB9BB3100BC3ECA /* UILabel+Ex.swift in Sources */ = {isa = PBXBuildFile; fileRef = B4EA33022BB9BB3100BC3ECA /* UILabel+Ex.swift */; };
		B4EA33062BB9C29E00BC3ECA /* ScreenshotImageView.swift in Sources */ = {isa = PBXBuildFile; fileRef = B4EA33052BB9C29E00BC3ECA /* ScreenshotImageView.swift */; };
		B4EA33082BB9CC8100BC3ECA /* Int+Ex.swift in Sources */ = {isa = PBXBuildFile; fileRef = B4EA33072BB9CC8100BC3ECA /* Int+Ex.swift */; };
		B4EA33102BB9CFAD00BC3ECA /* DetailAppInfoViewController.swift in Sources */ = {isa = PBXBuildFile; fileRef = B4EA330F2BB9CFAD00BC3ECA /* DetailAppInfoViewController.swift */; };
/* End PBXBuildFile section */

/* Begin PBXContainerItemProxy section */
		B4EA32732BB7D74600BC3ECA /* PBXContainerItemProxy */ = {
			isa = PBXContainerItemProxy;
			containerPortal = B4EA32542BB7D74500BC3ECA /* Project object */;
			proxyType = 1;
			remoteGlobalIDString = B4EA325B2BB7D74500BC3ECA;
			remoteInfo = AppStore;
		};
		B4EA327D2BB7D74600BC3ECA /* PBXContainerItemProxy */ = {
			isa = PBXContainerItemProxy;
			containerPortal = B4EA32542BB7D74500BC3ECA /* Project object */;
			proxyType = 1;
			remoteGlobalIDString = B4EA325B2BB7D74500BC3ECA;
			remoteInfo = AppStore;
		};
/* End PBXContainerItemProxy section */

/* Begin PBXFileReference section */
		B4AAE0C52BBAD87A00F0D721 /* BaseCollectionViewCell.swift */ = {isa = PBXFileReference; lastKnownFileType = sourcecode.swift; path = BaseCollectionViewCell.swift; sourceTree = "<group>"; };
		B4AAE0CB2BBAFAB100F0D721 /* DetailAppInfoDescriptionTableViewCell.swift */ = {isa = PBXFileReference; lastKnownFileType = sourcecode.swift; path = DetailAppInfoDescriptionTableViewCell.swift; sourceTree = "<group>"; };
		B4AAE0CD2BBAFC6500F0D721 /* DetailAppInfoMainTableViewCell.swift */ = {isa = PBXFileReference; lastKnownFileType = sourcecode.swift; path = DetailAppInfoMainTableViewCell.swift; sourceTree = "<group>"; };
		B4AAE0CF2BBAFCDE00F0D721 /* DetailAppInfoScreenshotListTableViewCell.swift */ = {isa = PBXFileReference; lastKnownFileType = sourcecode.swift; path = DetailAppInfoScreenshotListTableViewCell.swift; sourceTree = "<group>"; };
		B4AAE0D52BBB0DF800F0D721 /* ScreenshotListCollectionViewCell.swift */ = {isa = PBXFileReference; lastKnownFileType = sourcecode.swift; path = ScreenshotListCollectionViewCell.swift; sourceTree = "<group>"; };
		B4AAE0E32BBB13F600F0D721 /* SearchCoordinator.swift */ = {isa = PBXFileReference; lastKnownFileType = sourcecode.swift; path = SearchCoordinator.swift; sourceTree = "<group>"; };
		B4AAE0F32BBB176800F0D721 /* DataModel.xcdatamodel */ = {isa = PBXFileReference; lastKnownFileType = wrapper.xcdatamodel; path = DataModel.xcdatamodel; sourceTree = "<group>"; };
		B4AAE0F52BBB17B000F0D721 /* RecentTerm+CoreDataClass.swift */ = {isa = PBXFileReference; lastKnownFileType = sourcecode.swift; name = "RecentTerm+CoreDataClass.swift"; path = "AppStore/RecentTerm+CoreDataClass.swift"; sourceTree = "<group>"; };
		B4AAE0F62BBB17B000F0D721 /* RecentTerm+CoreDataProperties.swift */ = {isa = PBXFileReference; lastKnownFileType = sourcecode.swift; name = "RecentTerm+CoreDataProperties.swift"; path = "AppStore/RecentTerm+CoreDataProperties.swift"; sourceTree = "<group>"; };
		B4AAE0F92BBB17CE00F0D721 /* CoreDataStack.swift */ = {isa = PBXFileReference; lastKnownFileType = sourcecode.swift; path = CoreDataStack.swift; sourceTree = "<group>"; };
		B4AAE0FD2BBB182300F0D721 /* RecentTermStore.swift */ = {isa = PBXFileReference; lastKnownFileType = sourcecode.swift; path = RecentTermStore.swift; sourceTree = "<group>"; };
		B4AAE0FF2BBB187400F0D721 /* RecentTermRepository.swift */ = {isa = PBXFileReference; lastKnownFileType = sourcecode.swift; path = RecentTermRepository.swift; sourceTree = "<group>"; };
		B4AAE1052BBB281A00F0D721 /* RecentTermModelSection.swift */ = {isa = PBXFileReference; lastKnownFileType = sourcecode.swift; path = RecentTermModelSection.swift; sourceTree = "<group>"; };
		B4AAE1072BBB287700F0D721 /* RecentTermModel.swift */ = {isa = PBXFileReference; lastKnownFileType = sourcecode.swift; path = RecentTermModel.swift; sourceTree = "<group>"; };
		B4AAE10A2BBB2A6100F0D721 /* UITableView+Rx.swift */ = {isa = PBXFileReference; lastKnownFileType = sourcecode.swift; path = "UITableView+Rx.swift"; sourceTree = "<group>"; };
		B4AAE10C2BBB2A7800F0D721 /* UITableView+Ex.swift */ = {isa = PBXFileReference; lastKnownFileType = sourcecode.swift; path = "UITableView+Ex.swift"; sourceTree = "<group>"; };
		B4AAE10E2BBB2B4500F0D721 /* EmptyView.swift */ = {isa = PBXFileReference; lastKnownFileType = sourcecode.swift; path = EmptyView.swift; sourceTree = "<group>"; };
		B4EA325C2BB7D74500BC3ECA /* AppStore.app */ = {isa = PBXFileReference; explicitFileType = wrapper.application; includeInIndex = 0; path = AppStore.app; sourceTree = BUILT_PRODUCTS_DIR; };
		B4EA325F2BB7D74500BC3ECA /* AppDelegate.swift */ = {isa = PBXFileReference; lastKnownFileType = sourcecode.swift; path = AppDelegate.swift; sourceTree = "<group>"; };
		B4EA32612BB7D74500BC3ECA /* SceneDelegate.swift */ = {isa = PBXFileReference; lastKnownFileType = sourcecode.swift; path = SceneDelegate.swift; sourceTree = "<group>"; };
		B4EA32682BB7D74600BC3ECA /* Assets.xcassets */ = {isa = PBXFileReference; lastKnownFileType = folder.assetcatalog; path = Assets.xcassets; sourceTree = "<group>"; };
		B4EA326B2BB7D74600BC3ECA /* Base */ = {isa = PBXFileReference; lastKnownFileType = file.storyboard; name = Base; path = Base.lproj/LaunchScreen.storyboard; sourceTree = "<group>"; };
		B4EA326D2BB7D74600BC3ECA /* Info.plist */ = {isa = PBXFileReference; lastKnownFileType = text.plist.xml; path = Info.plist; sourceTree = "<group>"; };
		B4EA32722BB7D74600BC3ECA /* AppStoreTests.xctest */ = {isa = PBXFileReference; explicitFileType = wrapper.cfbundle; includeInIndex = 0; path = AppStoreTests.xctest; sourceTree = BUILT_PRODUCTS_DIR; };
		B4EA32762BB7D74600BC3ECA /* AppStoreTests.swift */ = {isa = PBXFileReference; lastKnownFileType = sourcecode.swift; path = AppStoreTests.swift; sourceTree = "<group>"; };
		B4EA327C2BB7D74600BC3ECA /* AppStoreUITests.xctest */ = {isa = PBXFileReference; explicitFileType = wrapper.cfbundle; includeInIndex = 0; path = AppStoreUITests.xctest; sourceTree = BUILT_PRODUCTS_DIR; };
		B4EA32802BB7D74600BC3ECA /* AppStoreUITests.swift */ = {isa = PBXFileReference; lastKnownFileType = sourcecode.swift; path = AppStoreUITests.swift; sourceTree = "<group>"; };
		B4EA32822BB7D74600BC3ECA /* AppStoreUITestsLaunchTests.swift */ = {isa = PBXFileReference; lastKnownFileType = sourcecode.swift; path = AppStoreUITestsLaunchTests.swift; sourceTree = "<group>"; };
		B4EA32A82BB7E3D700BC3ECA /* Coordinator.swift */ = {isa = PBXFileReference; lastKnownFileType = sourcecode.swift; path = Coordinator.swift; sourceTree = "<group>"; };
		B4EA32AA2BB7E62F00BC3ECA /* AppCoordinator.swift */ = {isa = PBXFileReference; lastKnownFileType = sourcecode.swift; path = AppCoordinator.swift; sourceTree = "<group>"; };
		B4EA32AE2BB7E78300BC3ECA /* TabBarCoordinator.swift */ = {isa = PBXFileReference; lastKnownFileType = sourcecode.swift; path = TabBarCoordinator.swift; sourceTree = "<group>"; };
		B4EA32B52BB7E93000BC3ECA /* TabBarItem.swift */ = {isa = PBXFileReference; lastKnownFileType = sourcecode.swift; path = TabBarItem.swift; sourceTree = "<group>"; };
		B4EA32BF2BB8010200BC3ECA /* SearchViewController.swift */ = {isa = PBXFileReference; lastKnownFileType = sourcecode.swift; path = SearchViewController.swift; sourceTree = "<group>"; };
		B4EA32C32BB8043600BC3ECA /* BaseViewController.swift */ = {isa = PBXFileReference; lastKnownFileType = sourcecode.swift; path = BaseViewController.swift; sourceTree = "<group>"; };
		B4EA32C52BB875CF00BC3ECA /* SearchResultsViewController.swift */ = {isa = PBXFileReference; lastKnownFileType = sourcecode.swift; path = SearchResultsViewController.swift; sourceTree = "<group>"; };
		B4EA32C72BB876D500BC3ECA /* BaseTableViewCell.swift */ = {isa = PBXFileReference; lastKnownFileType = sourcecode.swift; path = BaseTableViewCell.swift; sourceTree = "<group>"; };
		B4EA32CA2BB8773C00BC3ECA /* ReusableView+Ex.swift */ = {isa = PBXFileReference; lastKnownFileType = sourcecode.swift; path = "ReusableView+Ex.swift"; sourceTree = "<group>"; };
		B4EA32CF2BB87B2200BC3ECA /* RecentSearchTableViewCell.swift */ = {isa = PBXFileReference; lastKnownFileType = sourcecode.swift; path = RecentSearchTableViewCell.swift; sourceTree = "<group>"; };
		B4EA32D22BB87C8100BC3ECA /* RecentSearchHeaderView.swift */ = {isa = PBXFileReference; lastKnownFileType = sourcecode.swift; path = RecentSearchHeaderView.swift; sourceTree = "<group>"; };
		B4EA32D42BB87D7A00BC3ECA /* BaseTableViewHeaderFooterView.swift */ = {isa = PBXFileReference; lastKnownFileType = sourcecode.swift; path = BaseTableViewHeaderFooterView.swift; sourceTree = "<group>"; };
		B4EA32D82BB8803C00BC3ECA /* SearchingStateTableViewCell.swift */ = {isa = PBXFileReference; lastKnownFileType = sourcecode.swift; path = SearchingStateTableViewCell.swift; sourceTree = "<group>"; };
		B4EA32DB2BB9312800BC3ECA /* SearchTarget.swift */ = {isa = PBXFileReference; lastKnownFileType = sourcecode.swift; path = SearchTarget.swift; sourceTree = "<group>"; };
		B4EA32DE2BB934CF00BC3ECA /* SearchRepository.swift */ = {isa = PBXFileReference; lastKnownFileType = sourcecode.swift; path = SearchRepository.swift; sourceTree = "<group>"; };
		B4EA32E12BB934E500BC3ECA /* SearchRepositoryType.swift */ = {isa = PBXFileReference; lastKnownFileType = sourcecode.swift; path = SearchRepositoryType.swift; sourceTree = "<group>"; };
		B4EA32E42BB9449000BC3ECA /* SearchResults.swift */ = {isa = PBXFileReference; lastKnownFileType = sourcecode.swift; path = SearchResults.swift; sourceTree = "<group>"; };
		B4EA32E82BB947A600BC3ECA /* SearchRquest.swift */ = {isa = PBXFileReference; lastKnownFileType = sourcecode.swift; path = SearchRquest.swift; sourceTree = "<group>"; };
		B4EA32EA2BB95F7B00BC3ECA /* AppInfo.swift */ = {isa = PBXFileReference; lastKnownFileType = sourcecode.swift; path = AppInfo.swift; sourceTree = "<group>"; };
		B4EA32ED2BB960B000BC3ECA /* ViewModelType.swift */ = {isa = PBXFileReference; lastKnownFileType = sourcecode.swift; path = ViewModelType.swift; sourceTree = "<group>"; };
		B4EA32F12BB9610200BC3ECA /* UIViewController+Rx.swift */ = {isa = PBXFileReference; lastKnownFileType = sourcecode.swift; path = "UIViewController+Rx.swift"; sourceTree = "<group>"; };
		B4EA32F32BB9616900BC3ECA /* SearchViewModel.swift */ = {isa = PBXFileReference; lastKnownFileType = sourcecode.swift; path = SearchViewModel.swift; sourceTree = "<group>"; };
		B4EA32F62BB9654900BC3ECA /* SearchUseCase.swift */ = {isa = PBXFileReference; lastKnownFileType = sourcecode.swift; path = SearchUseCase.swift; sourceTree = "<group>"; };
		B4EA32F92BB965D500BC3ECA /* SearchUseCaseImpl.swift */ = {isa = PBXFileReference; lastKnownFileType = sourcecode.swift; path = SearchUseCaseImpl.swift; sourceTree = "<group>"; };
		B4EA32FC2BB96A7100BC3ECA /* SearchResultSection.swift */ = {isa = PBXFileReference; lastKnownFileType = sourcecode.swift; path = SearchResultSection.swift; sourceTree = "<group>"; };
		B4EA32FE2BB9A8D700BC3ECA /* SearchCompletedTableViewCell.swift */ = {isa = PBXFileReference; lastKnownFileType = sourcecode.swift; path = SearchCompletedTableViewCell.swift; sourceTree = "<group>"; };
		B4EA33002BB9BB1900BC3ECA /* UIImageView+Ex.swift */ = {isa = PBXFileReference; lastKnownFileType = sourcecode.swift; path = "UIImageView+Ex.swift"; sourceTree = "<group>"; };
		B4EA33022BB9BB3100BC3ECA /* UILabel+Ex.swift */ = {isa = PBXFileReference; lastKnownFileType = sourcecode.swift; path = "UILabel+Ex.swift"; sourceTree = "<group>"; };
		B4EA33052BB9C29E00BC3ECA /* ScreenshotImageView.swift */ = {isa = PBXFileReference; lastKnownFileType = sourcecode.swift; path = ScreenshotImageView.swift; sourceTree = "<group>"; };
		B4EA33072BB9CC8100BC3ECA /* Int+Ex.swift */ = {isa = PBXFileReference; lastKnownFileType = sourcecode.swift; path = "Int+Ex.swift"; sourceTree = "<group>"; };
		B4EA330F2BB9CFAD00BC3ECA /* DetailAppInfoViewController.swift */ = {isa = PBXFileReference; lastKnownFileType = sourcecode.swift; path = DetailAppInfoViewController.swift; sourceTree = "<group>"; };
/* End PBXFileReference section */

/* Begin PBXFrameworksBuildPhase section */
		B4EA32592BB7D74500BC3ECA /* Frameworks */ = {
			isa = PBXFrameworksBuildPhase;
			buildActionMask = 2147483647;
			files = (
				B4EA329A2BB7DB1C00BC3ECA /* RxSwift in Frameworks */,
				B4EA329C2BB7DB2500BC3ECA /* RxDataSources in Frameworks */,
				B4EA32972BB7DB1000BC3ECA /* Kingfisher in Frameworks */,
				B4EA32942BB7DAF300BC3ECA /* Moya in Frameworks */,
				B4EA329E2BB7DB4300BC3ECA /* SnapKit in Frameworks */,
			);
			runOnlyForDeploymentPostprocessing = 0;
		};
		B4EA326F2BB7D74600BC3ECA /* Frameworks */ = {
			isa = PBXFrameworksBuildPhase;
			buildActionMask = 2147483647;
			files = (
			);
			runOnlyForDeploymentPostprocessing = 0;
		};
		B4EA32792BB7D74600BC3ECA /* Frameworks */ = {
			isa = PBXFrameworksBuildPhase;
			buildActionMask = 2147483647;
			files = (
			);
			runOnlyForDeploymentPostprocessing = 0;
		};
/* End PBXFrameworksBuildPhase section */

/* Begin PBXGroup section */
		B4AAE0D12BBAFD3C00F0D721 /* Search */ = {
			isa = PBXGroup;
			children = (
				B4EA32CF2BB87B2200BC3ECA /* RecentSearchTableViewCell.swift */,
				B4EA32D82BB8803C00BC3ECA /* SearchingStateTableViewCell.swift */,
				B4EA32FE2BB9A8D700BC3ECA /* SearchCompletedTableViewCell.swift */,
			);
			path = Search;
			sourceTree = "<group>";
		};
		B4AAE0D22BBAFD4000F0D721 /* DetailApp */ = {
			isa = PBXGroup;
			children = (
				B4AAE0CD2BBAFC6500F0D721 /* DetailAppInfoMainTableViewCell.swift */,
				B4AAE0CB2BBAFAB100F0D721 /* DetailAppInfoDescriptionTableViewCell.swift */,
				B4AAE0CF2BBAFCDE00F0D721 /* DetailAppInfoScreenshotListTableViewCell.swift */,
			);
			path = DetailApp;
			sourceTree = "<group>";
		};
		B4AAE0D32BBB0DEF00F0D721 /* CollectionView */ = {
			isa = PBXGroup;
			children = (
				B4AAE0D42BBB0DF400F0D721 /* Cell */,
			);
			path = CollectionView;
			sourceTree = "<group>";
		};
		B4AAE0D42BBB0DF400F0D721 /* Cell */ = {
			isa = PBXGroup;
			children = (
				B4AAE0D52BBB0DF800F0D721 /* ScreenshotListCollectionViewCell.swift */,
			);
			path = Cell;
			sourceTree = "<group>";
		};
		B4AAE0E22BBB13EC00F0D721 /* Coordinator */ = {
			isa = PBXGroup;
			children = (
				B4AAE0E32BBB13F600F0D721 /* SearchCoordinator.swift */,
			);
			path = Coordinator;
			sourceTree = "<group>";
		};
		B4AAE0F12BBB175900F0D721 /* DataBase */ = {
			isa = PBXGroup;
			children = (
				B4AAE0F22BBB176800F0D721 /* DataModel.xcdatamodeld */,
			);
			path = DataBase;
			sourceTree = "<group>";
		};
		B4AAE0FB2BBB180100F0D721 /* CoreData */ = {
			isa = PBXGroup;
			children = (
				B4AAE0F92BBB17CE00F0D721 /* CoreDataStack.swift */,
				B4AAE0FC2BBB181800F0D721 /* Store */,
			);
			path = CoreData;
			sourceTree = "<group>";
		};
		B4AAE0FC2BBB181800F0D721 /* Store */ = {
			isa = PBXGroup;
			children = (
				B4AAE0FD2BBB182300F0D721 /* RecentTermStore.swift */,
			);
			path = Store;
			sourceTree = "<group>";
		};
		B4AAE1092BBB2A4900F0D721 /* Rx */ = {
			isa = PBXGroup;
			children = (
				B4EA32F12BB9610200BC3ECA /* UIViewController+Rx.swift */,
				B4AAE10A2BBB2A6100F0D721 /* UITableView+Rx.swift */,
			);
			path = Rx;
			sourceTree = "<group>";
		};
		B4EA32532BB7D74500BC3ECA = {
			isa = PBXGroup;
			children = (
				B4AAE0F52BBB17B000F0D721 /* RecentTerm+CoreDataClass.swift */,
				B4AAE0F62BBB17B000F0D721 /* RecentTerm+CoreDataProperties.swift */,
				B4EA325E2BB7D74500BC3ECA /* AppStore */,
				B4EA32752BB7D74600BC3ECA /* AppStoreTests */,
				B4EA327F2BB7D74600BC3ECA /* AppStoreUITests */,
				B4EA325D2BB7D74500BC3ECA /* Products */,
				B4EA32982BB7DB1C00BC3ECA /* Frameworks */,
			);
			sourceTree = "<group>";
		};
		B4EA325D2BB7D74500BC3ECA /* Products */ = {
			isa = PBXGroup;
			children = (
				B4EA325C2BB7D74500BC3ECA /* AppStore.app */,
				B4EA32722BB7D74600BC3ECA /* AppStoreTests.xctest */,
				B4EA327C2BB7D74600BC3ECA /* AppStoreUITests.xctest */,
			);
			name = Products;
			sourceTree = "<group>";
		};
		B4EA325E2BB7D74500BC3ECA /* AppStore */ = {
			isa = PBXGroup;
			children = (
				B4EA32A02BB7E09800BC3ECA /* Application */,
				B4EA32A12BB7E0A300BC3ECA /* Presentation */,
				B4EA32A22BB7E0B600BC3ECA /* Domain */,
				B4EA32A32BB7E0C200BC3ECA /* Data */,
				B4EA32A42BB7E0E800BC3ECA /* Infrastructure */,
				B4EA32B22BB7E8A100BC3ECA /* Utils */,
				B4EA32A52BB7E11E00BC3ECA /* SupportingFiles */,
				B4EA326D2BB7D74600BC3ECA /* Info.plist */,
			);
			path = AppStore;
			sourceTree = "<group>";
		};
		B4EA32752BB7D74600BC3ECA /* AppStoreTests */ = {
			isa = PBXGroup;
			children = (
				B4EA32762BB7D74600BC3ECA /* AppStoreTests.swift */,
			);
			path = AppStoreTests;
			sourceTree = "<group>";
		};
		B4EA327F2BB7D74600BC3ECA /* AppStoreUITests */ = {
			isa = PBXGroup;
			children = (
				B4EA32802BB7D74600BC3ECA /* AppStoreUITests.swift */,
				B4EA32822BB7D74600BC3ECA /* AppStoreUITestsLaunchTests.swift */,
			);
			path = AppStoreUITests;
			sourceTree = "<group>";
		};
		B4EA32982BB7DB1C00BC3ECA /* Frameworks */ = {
			isa = PBXGroup;
			children = (
			);
			name = Frameworks;
			sourceTree = "<group>";
		};
		B4EA32A02BB7E09800BC3ECA /* Application */ = {
			isa = PBXGroup;
			children = (
				B4EA325F2BB7D74500BC3ECA /* AppDelegate.swift */,
				B4EA32612BB7D74500BC3ECA /* SceneDelegate.swift */,
			);
			path = Application;
			sourceTree = "<group>";
		};
		B4EA32A12BB7E0A300BC3ECA /* Presentation */ = {
			isa = PBXGroup;
			children = (
				B4EA32C12BB8042800BC3ECA /* Common */,
				B4EA32CC2BB87AFD00BC3ECA /* View */,
				B4EA32A62BB7E3A800BC3ECA /* Coordinator */,
				B4EA32AC2BB7E74800BC3ECA /* TabBar */,
			);
			path = Presentation;
			sourceTree = "<group>";
		};
		B4EA32A22BB7E0B600BC3ECA /* Domain */ = {
			isa = PBXGroup;
			children = (
				B4EA32E32BB9447E00BC3ECA /* Model */,
				B4EA32F52BB9653A00BC3ECA /* UseCase */,
				B4EA32E02BB934DB00BC3ECA /* Interface */,
				B4AAE0FB2BBB180100F0D721 /* CoreData */,
			);
			path = Domain;
			sourceTree = "<group>";
		};
		B4EA32A32BB7E0C200BC3ECA /* Data */ = {
			isa = PBXGroup;
			children = (
				B4EA32DD2BB934BF00BC3ECA /* Repository */,
			);
			path = Data;
			sourceTree = "<group>";
		};
		B4EA32A42BB7E0E800BC3ECA /* Infrastructure */ = {
			isa = PBXGroup;
			children = (
				B4AAE0F12BBB175900F0D721 /* DataBase */,
				B4EA32DA2BB9311D00BC3ECA /* Network */,
			);
			path = Infrastructure;
			sourceTree = "<group>";
		};
		B4EA32A52BB7E11E00BC3ECA /* SupportingFiles */ = {
			isa = PBXGroup;
			children = (
				B4EA326A2BB7D74600BC3ECA /* LaunchScreen.storyboard */,
				B4EA32682BB7D74600BC3ECA /* Assets.xcassets */,
			);
			path = SupportingFiles;
			sourceTree = "<group>";
		};
		B4EA32A62BB7E3A800BC3ECA /* Coordinator */ = {
			isa = PBXGroup;
			children = (
				B4EA32A72BB7E3AD00BC3ECA /* Protocol */,
				B4EA32AA2BB7E62F00BC3ECA /* AppCoordinator.swift */,
			);
			path = Coordinator;
			sourceTree = "<group>";
		};
		B4EA32A72BB7E3AD00BC3ECA /* Protocol */ = {
			isa = PBXGroup;
			children = (
				B4EA32A82BB7E3D700BC3ECA /* Coordinator.swift */,
			);
			path = Protocol;
			sourceTree = "<group>";
		};
		B4EA32AC2BB7E74800BC3ECA /* TabBar */ = {
			isa = PBXGroup;
			children = (
				B4EA32AD2BB7E77900BC3ECA /* Coordinator */,
				B4EA32BB2BB800A500BC3ECA /* Search */,
				B4EA330B2BB9CF1600BC3ECA /* DetailAppInfo */,
			);
			path = TabBar;
			sourceTree = "<group>";
		};
		B4EA32AD2BB7E77900BC3ECA /* Coordinator */ = {
			isa = PBXGroup;
			children = (
				B4EA32AE2BB7E78300BC3ECA /* TabBarCoordinator.swift */,
			);
			path = Coordinator;
			sourceTree = "<group>";
		};
		B4EA32B22BB7E8A100BC3ECA /* Utils */ = {
			isa = PBXGroup;
			children = (
				B4EA32B52BB7E93000BC3ECA /* TabBarItem.swift */,
			);
			path = Utils;
			sourceTree = "<group>";
		};
		B4EA32BB2BB800A500BC3ECA /* Search */ = {
			isa = PBXGroup;
			children = (
				B4AAE0E22BBB13EC00F0D721 /* Coordinator */,
				B4EA32F32BB9616900BC3ECA /* SearchViewModel.swift */,
				B4EA32BF2BB8010200BC3ECA /* SearchViewController.swift */,
				B4EA32C52BB875CF00BC3ECA /* SearchResultsViewController.swift */,
			);
			path = Search;
			sourceTree = "<group>";
		};
		B4EA32C12BB8042800BC3ECA /* Common */ = {
			isa = PBXGroup;
			children = (
				B4EA32EC2BB960A900BC3ECA /* Protocol */,
				B4EA32C22BB8042E00BC3ECA /* BaseView */,
				B4EA33042BB9C29000BC3ECA /* Components */,
				B4EA32C92BB8773000BC3ECA /* Extension */,
			);
			path = Common;
			sourceTree = "<group>";
		};
		B4EA32C22BB8042E00BC3ECA /* BaseView */ = {
			isa = PBXGroup;
			children = (
				B4EA32C32BB8043600BC3ECA /* BaseViewController.swift */,
				B4EA32C72BB876D500BC3ECA /* BaseTableViewCell.swift */,
				B4EA32D42BB87D7A00BC3ECA /* BaseTableViewHeaderFooterView.swift */,
				B4AAE0C52BBAD87A00F0D721 /* BaseCollectionViewCell.swift */,
			);
			path = BaseView;
			sourceTree = "<group>";
		};
		B4EA32C92BB8773000BC3ECA /* Extension */ = {
			isa = PBXGroup;
			children = (
				B4EA330A2BB9CCC300BC3ECA /* Foundation */,
				B4EA33092BB9CCAF00BC3ECA /* UIKit */,
				B4AAE1092BBB2A4900F0D721 /* Rx */,
			);
			path = Extension;
			sourceTree = "<group>";
		};
		B4EA32CC2BB87AFD00BC3ECA /* View */ = {
			isa = PBXGroup;
			children = (
				B4AAE0D32BBB0DEF00F0D721 /* CollectionView */,
				B4EA32CD2BB87B1700BC3ECA /* TableView */,
			);
			path = View;
			sourceTree = "<group>";
		};
		B4EA32CD2BB87B1700BC3ECA /* TableView */ = {
			isa = PBXGroup;
			children = (
				B4EA32FB2BB96A4F00BC3ECA /* Section */,
				B4EA32D12BB87C6B00BC3ECA /* HeaderFooterView */,
				B4EA32CE2BB87B1D00BC3ECA /* Cell */,
			);
			path = TableView;
			sourceTree = "<group>";
		};
		B4EA32CE2BB87B1D00BC3ECA /* Cell */ = {
			isa = PBXGroup;
			children = (
				B4AAE0D12BBAFD3C00F0D721 /* Search */,
				B4AAE0D22BBAFD4000F0D721 /* DetailApp */,
			);
			path = Cell;
			sourceTree = "<group>";
		};
		B4EA32D12BB87C6B00BC3ECA /* HeaderFooterView */ = {
			isa = PBXGroup;
			children = (
				B4EA32D22BB87C8100BC3ECA /* RecentSearchHeaderView.swift */,
			);
			path = HeaderFooterView;
			sourceTree = "<group>";
		};
		B4EA32DA2BB9311D00BC3ECA /* Network */ = {
			isa = PBXGroup;
			children = (
				B4EA32DB2BB9312800BC3ECA /* SearchTarget.swift */,
			);
			path = Network;
			sourceTree = "<group>";
		};
		B4EA32DD2BB934BF00BC3ECA /* Repository */ = {
			isa = PBXGroup;
			children = (
				B4EA32DE2BB934CF00BC3ECA /* SearchRepository.swift */,
				B4AAE0FF2BBB187400F0D721 /* RecentTermRepository.swift */,
			);
			path = Repository;
			sourceTree = "<group>";
		};
		B4EA32E02BB934DB00BC3ECA /* Interface */ = {
			isa = PBXGroup;
			children = (
				B4EA32E12BB934E500BC3ECA /* SearchRepositoryType.swift */,
			);
			path = Interface;
			sourceTree = "<group>";
		};
		B4EA32E32BB9447E00BC3ECA /* Model */ = {
			isa = PBXGroup;
			children = (
				B4EA32E62BB9478200BC3ECA /* Request */,
				B4EA32E72BB9478600BC3ECA /* Response */,
			);
			path = Model;
			sourceTree = "<group>";
		};
		B4EA32E62BB9478200BC3ECA /* Request */ = {
			isa = PBXGroup;
			children = (
				B4EA32E82BB947A600BC3ECA /* SearchRquest.swift */,
			);
			path = Request;
			sourceTree = "<group>";
		};
		B4EA32E72BB9478600BC3ECA /* Response */ = {
			isa = PBXGroup;
			children = (
				B4EA32E42BB9449000BC3ECA /* SearchResults.swift */,
				B4EA32EA2BB95F7B00BC3ECA /* AppInfo.swift */,
				B4AAE1072BBB287700F0D721 /* RecentTermModel.swift */,
			);
			path = Response;
			sourceTree = "<group>";
		};
		B4EA32EC2BB960A900BC3ECA /* Protocol */ = {
			isa = PBXGroup;
			children = (
				B4EA32ED2BB960B000BC3ECA /* ViewModelType.swift */,
			);
			path = Protocol;
			sourceTree = "<group>";
		};
		B4EA32F52BB9653A00BC3ECA /* UseCase */ = {
			isa = PBXGroup;
			children = (
				B4EA32F82BB965C400BC3ECA /* Protocol */,
				B4EA32F92BB965D500BC3ECA /* SearchUseCaseImpl.swift */,
			);
			path = UseCase;
			sourceTree = "<group>";
		};
		B4EA32F82BB965C400BC3ECA /* Protocol */ = {
			isa = PBXGroup;
			children = (
				B4EA32F62BB9654900BC3ECA /* SearchUseCase.swift */,
			);
			path = Protocol;
			sourceTree = "<group>";
		};
		B4EA32FB2BB96A4F00BC3ECA /* Section */ = {
			isa = PBXGroup;
			children = (
				B4EA32FC2BB96A7100BC3ECA /* SearchResultSection.swift */,
				B4AAE1052BBB281A00F0D721 /* RecentTermModelSection.swift */,
			);
			path = Section;
			sourceTree = "<group>";
		};
		B4EA33042BB9C29000BC3ECA /* Components */ = {
			isa = PBXGroup;
			children = (
				B4EA33052BB9C29E00BC3ECA /* ScreenshotImageView.swift */,
				B4AAE10E2BBB2B4500F0D721 /* EmptyView.swift */,
			);
			path = Components;
			sourceTree = "<group>";
		};
		B4EA33092BB9CCAF00BC3ECA /* UIKit */ = {
			isa = PBXGroup;
			children = (
				B4EA32CA2BB8773C00BC3ECA /* ReusableView+Ex.swift */,
				B4EA33002BB9BB1900BC3ECA /* UIImageView+Ex.swift */,
				B4EA33022BB9BB3100BC3ECA /* UILabel+Ex.swift */,
				B4AAE10C2BBB2A7800F0D721 /* UITableView+Ex.swift */,
			);
			path = UIKit;
			sourceTree = "<group>";
		};
		B4EA330A2BB9CCC300BC3ECA /* Foundation */ = {
			isa = PBXGroup;
			children = (
				B4EA33072BB9CC8100BC3ECA /* Int+Ex.swift */,
			);
			path = Foundation;
			sourceTree = "<group>";
		};
		B4EA330B2BB9CF1600BC3ECA /* DetailAppInfo */ = {
			isa = PBXGroup;
			children = (
				B4EA330F2BB9CFAD00BC3ECA /* DetailAppInfoViewController.swift */,
			);
			path = DetailAppInfo;
			sourceTree = "<group>";
		};
/* End PBXGroup section */

/* Begin PBXNativeTarget section */
		B4EA325B2BB7D74500BC3ECA /* AppStore */ = {
			isa = PBXNativeTarget;
			buildConfigurationList = B4EA32862BB7D74600BC3ECA /* Build configuration list for PBXNativeTarget "AppStore" */;
			buildPhases = (
				B4EA32582BB7D74500BC3ECA /* Sources */,
				B4EA32592BB7D74500BC3ECA /* Frameworks */,
				B4EA325A2BB7D74500BC3ECA /* Resources */,
			);
			buildRules = (
			);
			dependencies = (
			);
			name = AppStore;
			packageProductDependencies = (
				B4EA32932BB7DAF300BC3ECA /* Moya */,
				B4EA32962BB7DB1000BC3ECA /* Kingfisher */,
				B4EA32992BB7DB1C00BC3ECA /* RxSwift */,
				B4EA329B2BB7DB2500BC3ECA /* RxDataSources */,
				B4EA329D2BB7DB4300BC3ECA /* SnapKit */,
			);
			productName = AppStore;
			productReference = B4EA325C2BB7D74500BC3ECA /* AppStore.app */;
			productType = "com.apple.product-type.application";
		};
		B4EA32712BB7D74600BC3ECA /* AppStoreTests */ = {
			isa = PBXNativeTarget;
			buildConfigurationList = B4EA32892BB7D74600BC3ECA /* Build configuration list for PBXNativeTarget "AppStoreTests" */;
			buildPhases = (
				B4EA326E2BB7D74600BC3ECA /* Sources */,
				B4EA326F2BB7D74600BC3ECA /* Frameworks */,
				B4EA32702BB7D74600BC3ECA /* Resources */,
			);
			buildRules = (
			);
			dependencies = (
				B4EA32742BB7D74600BC3ECA /* PBXTargetDependency */,
			);
			name = AppStoreTests;
			productName = AppStoreTests;
			productReference = B4EA32722BB7D74600BC3ECA /* AppStoreTests.xctest */;
			productType = "com.apple.product-type.bundle.unit-test";
		};
		B4EA327B2BB7D74600BC3ECA /* AppStoreUITests */ = {
			isa = PBXNativeTarget;
			buildConfigurationList = B4EA328C2BB7D74600BC3ECA /* Build configuration list for PBXNativeTarget "AppStoreUITests" */;
			buildPhases = (
				B4EA32782BB7D74600BC3ECA /* Sources */,
				B4EA32792BB7D74600BC3ECA /* Frameworks */,
				B4EA327A2BB7D74600BC3ECA /* Resources */,
			);
			buildRules = (
			);
			dependencies = (
				B4EA327E2BB7D74600BC3ECA /* PBXTargetDependency */,
			);
			name = AppStoreUITests;
			productName = AppStoreUITests;
			productReference = B4EA327C2BB7D74600BC3ECA /* AppStoreUITests.xctest */;
			productType = "com.apple.product-type.bundle.ui-testing";
		};
/* End PBXNativeTarget section */

/* Begin PBXProject section */
		B4EA32542BB7D74500BC3ECA /* Project object */ = {
			isa = PBXProject;
			attributes = {
				BuildIndependentTargetsInParallel = 1;
				LastSwiftUpdateCheck = 1530;
				LastUpgradeCheck = 1530;
				TargetAttributes = {
					B4EA325B2BB7D74500BC3ECA = {
						CreatedOnToolsVersion = 15.3;
					};
					B4EA32712BB7D74600BC3ECA = {
						CreatedOnToolsVersion = 15.3;
						TestTargetID = B4EA325B2BB7D74500BC3ECA;
					};
					B4EA327B2BB7D74600BC3ECA = {
						CreatedOnToolsVersion = 15.3;
						TestTargetID = B4EA325B2BB7D74500BC3ECA;
					};
				};
			};
			buildConfigurationList = B4EA32572BB7D74500BC3ECA /* Build configuration list for PBXProject "AppStore" */;
			compatibilityVersion = "Xcode 14.0";
			developmentRegion = en;
			hasScannedForEncodings = 0;
			knownRegions = (
				en,
				Base,
			);
			mainGroup = B4EA32532BB7D74500BC3ECA;
			packageReferences = (
				B4EA328F2BB7DA6F00BC3ECA /* XCRemoteSwiftPackageReference "SnapKit" */,
				B4EA32902BB7DA7E00BC3ECA /* XCRemoteSwiftPackageReference "RxSwift" */,
				B4EA32912BB7DACB00BC3ECA /* XCRemoteSwiftPackageReference "RxDataSources" */,
				B4EA32922BB7DAF300BC3ECA /* XCRemoteSwiftPackageReference "Moya" */,
				B4EA32952BB7DB1000BC3ECA /* XCRemoteSwiftPackageReference "Kingfisher" */,
			);
			productRefGroup = B4EA325D2BB7D74500BC3ECA /* Products */;
			projectDirPath = "";
			projectRoot = "";
			targets = (
				B4EA325B2BB7D74500BC3ECA /* AppStore */,
				B4EA32712BB7D74600BC3ECA /* AppStoreTests */,
				B4EA327B2BB7D74600BC3ECA /* AppStoreUITests */,
			);
		};
/* End PBXProject section */

/* Begin PBXResourcesBuildPhase section */
		B4EA325A2BB7D74500BC3ECA /* Resources */ = {
			isa = PBXResourcesBuildPhase;
			buildActionMask = 2147483647;
			files = (
				B4EA32692BB7D74600BC3ECA /* Assets.xcassets in Resources */,
				B4EA326C2BB7D74600BC3ECA /* Base in Resources */,
			);
			runOnlyForDeploymentPostprocessing = 0;
		};
		B4EA32702BB7D74600BC3ECA /* Resources */ = {
			isa = PBXResourcesBuildPhase;
			buildActionMask = 2147483647;
			files = (
			);
			runOnlyForDeploymentPostprocessing = 0;
		};
		B4EA327A2BB7D74600BC3ECA /* Resources */ = {
			isa = PBXResourcesBuildPhase;
			buildActionMask = 2147483647;
			files = (
			);
			runOnlyForDeploymentPostprocessing = 0;
		};
/* End PBXResourcesBuildPhase section */

/* Begin PBXSourcesBuildPhase section */
		B4EA32582BB7D74500BC3ECA /* Sources */ = {
			isa = PBXSourcesBuildPhase;
			buildActionMask = 2147483647;
			files = (
				B4EA32DC2BB9312800BC3ECA /* SearchTarget.swift in Sources */,
				B4AAE1082BBB287700F0D721 /* RecentTermModel.swift in Sources */,
				B4AAE0E42BBB13F600F0D721 /* SearchCoordinator.swift in Sources */,
				B4EA32F22BB9610200BC3ECA /* UIViewController+Rx.swift in Sources */,
				B4AAE0CE2BBAFC6500F0D721 /* DetailAppInfoMainTableViewCell.swift in Sources */,
				B4EA32AB2BB7E62F00BC3ECA /* AppCoordinator.swift in Sources */,
				B4EA32E52BB9449000BC3ECA /* SearchResults.swift in Sources */,
				B4AAE1042BBB235800F0D721 /* DataModel.xcdatamodeld in Sources */,
				B4EA32EB2BB95F7B00BC3ECA /* AppInfo.swift in Sources */,
				B4EA32602BB7D74500BC3ECA /* AppDelegate.swift in Sources */,
				B4EA32D32BB87C8100BC3ECA /* RecentSearchHeaderView.swift in Sources */,
				B4EA33102BB9CFAD00BC3ECA /* DetailAppInfoViewController.swift in Sources */,
				B4EA32C02BB8010200BC3ECA /* SearchViewController.swift in Sources */,
				B4EA33082BB9CC8100BC3ECA /* Int+Ex.swift in Sources */,
				B4EA32622BB7D74500BC3ECA /* SceneDelegate.swift in Sources */,
				B4EA32D52BB87D7A00BC3ECA /* BaseTableViewHeaderFooterView.swift in Sources */,
				B4AAE0F72BBB17B000F0D721 /* RecentTerm+CoreDataClass.swift in Sources */,
				B4AAE1002BBB187400F0D721 /* RecentTermRepository.swift in Sources */,
				B4AAE0F82BBB17B000F0D721 /* RecentTerm+CoreDataProperties.swift in Sources */,
				B4EA32AF2BB7E78300BC3ECA /* TabBarCoordinator.swift in Sources */,
				B4EA32D02BB87B2200BC3ECA /* RecentSearchTableViewCell.swift in Sources */,
				B4AAE10B2BBB2A6100F0D721 /* UITableView+Rx.swift in Sources */,
				B4EA32EE2BB960B000BC3ECA /* ViewModelType.swift in Sources */,
				B4EA32FA2BB965D500BC3ECA /* SearchUseCaseImpl.swift in Sources */,
				B4EA32C82BB876D500BC3ECA /* BaseTableViewCell.swift in Sources */,
				B4AAE0D02BBAFCDE00F0D721 /* DetailAppInfoScreenshotListTableViewCell.swift in Sources */,
				B4EA33012BB9BB1900BC3ECA /* UIImageView+Ex.swift in Sources */,
				B4EA33062BB9C29E00BC3ECA /* ScreenshotImageView.swift in Sources */,
				B4EA32CB2BB8773C00BC3ECA /* ReusableView+Ex.swift in Sources */,
				B4EA32E92BB947A600BC3ECA /* SearchRquest.swift in Sources */,
				B4EA32C42BB8043600BC3ECA /* BaseViewController.swift in Sources */,
				B4EA33032BB9BB3100BC3ECA /* UILabel+Ex.swift in Sources */,
				B4AAE0CC2BBAFAB100F0D721 /* DetailAppInfoDescriptionTableViewCell.swift in Sources */,
				B4AAE0FA2BBB17CE00F0D721 /* CoreDataStack.swift in Sources */,
				B4EA32F72BB9654900BC3ECA /* SearchUseCase.swift in Sources */,
				B4EA32B62BB7E93000BC3ECA /* TabBarItem.swift in Sources */,
				B4EA32D92BB8803C00BC3ECA /* SearchingStateTableViewCell.swift in Sources */,
				B4AAE10D2BBB2A7800F0D721 /* UITableView+Ex.swift in Sources */,
				B4AAE0C62BBAD87A00F0D721 /* BaseCollectionViewCell.swift in Sources */,
				B4EA32A92BB7E3D700BC3ECA /* Coordinator.swift in Sources */,
				B4EA32DF2BB934CF00BC3ECA /* SearchRepository.swift in Sources */,
				B4EA32F42BB9616900BC3ECA /* SearchViewModel.swift in Sources */,
				B4AAE0FE2BBB182300F0D721 /* RecentTermStore.swift in Sources */,
				B4AAE1062BBB281A00F0D721 /* RecentTermModelSection.swift in Sources */,
				B4EA32FF2BB9A8D700BC3ECA /* SearchCompletedTableViewCell.swift in Sources */,
				B4AAE0D62BBB0DF800F0D721 /* ScreenshotListCollectionViewCell.swift in Sources */,
				B4AAE10F2BBB2B4500F0D721 /* EmptyView.swift in Sources */,
				B4EA32C62BB875CF00BC3ECA /* SearchResultsViewController.swift in Sources */,
				B4EA32FD2BB96A7100BC3ECA /* SearchResultSection.swift in Sources */,
				B4EA32E22BB934E500BC3ECA /* SearchRepositoryType.swift in Sources */,
			);
			runOnlyForDeploymentPostprocessing = 0;
		};
		B4EA326E2BB7D74600BC3ECA /* Sources */ = {
			isa = PBXSourcesBuildPhase;
			buildActionMask = 2147483647;
			files = (
				B4EA32772BB7D74600BC3ECA /* AppStoreTests.swift in Sources */,
			);
			runOnlyForDeploymentPostprocessing = 0;
		};
		B4EA32782BB7D74600BC3ECA /* Sources */ = {
			isa = PBXSourcesBuildPhase;
			buildActionMask = 2147483647;
			files = (
				B4EA32832BB7D74600BC3ECA /* AppStoreUITestsLaunchTests.swift in Sources */,
				B4EA32812BB7D74600BC3ECA /* AppStoreUITests.swift in Sources */,
			);
			runOnlyForDeploymentPostprocessing = 0;
		};
/* End PBXSourcesBuildPhase section */

/* Begin PBXTargetDependency section */
		B4EA32742BB7D74600BC3ECA /* PBXTargetDependency */ = {
			isa = PBXTargetDependency;
			target = B4EA325B2BB7D74500BC3ECA /* AppStore */;
			targetProxy = B4EA32732BB7D74600BC3ECA /* PBXContainerItemProxy */;
		};
		B4EA327E2BB7D74600BC3ECA /* PBXTargetDependency */ = {
			isa = PBXTargetDependency;
			target = B4EA325B2BB7D74500BC3ECA /* AppStore */;
			targetProxy = B4EA327D2BB7D74600BC3ECA /* PBXContainerItemProxy */;
		};
/* End PBXTargetDependency section */

/* Begin PBXVariantGroup section */
		B4EA326A2BB7D74600BC3ECA /* LaunchScreen.storyboard */ = {
			isa = PBXVariantGroup;
			children = (
				B4EA326B2BB7D74600BC3ECA /* Base */,
			);
			name = LaunchScreen.storyboard;
			sourceTree = "<group>";
		};
/* End PBXVariantGroup section */

/* Begin XCBuildConfiguration section */
		B4EA32842BB7D74600BC3ECA /* Debug */ = {
			isa = XCBuildConfiguration;
			buildSettings = {
				ALWAYS_SEARCH_USER_PATHS = NO;
				ASSETCATALOG_COMPILER_GENERATE_SWIFT_ASSET_SYMBOL_EXTENSIONS = YES;
				CLANG_ANALYZER_NONNULL = YES;
				CLANG_ANALYZER_NUMBER_OBJECT_CONVERSION = YES_AGGRESSIVE;
				CLANG_CXX_LANGUAGE_STANDARD = "gnu++20";
				CLANG_ENABLE_MODULES = YES;
				CLANG_ENABLE_OBJC_ARC = YES;
				CLANG_ENABLE_OBJC_WEAK = YES;
				CLANG_WARN_BLOCK_CAPTURE_AUTORELEASING = YES;
				CLANG_WARN_BOOL_CONVERSION = YES;
				CLANG_WARN_COMMA = YES;
				CLANG_WARN_CONSTANT_CONVERSION = YES;
				CLANG_WARN_DEPRECATED_OBJC_IMPLEMENTATIONS = YES;
				CLANG_WARN_DIRECT_OBJC_ISA_USAGE = YES_ERROR;
				CLANG_WARN_DOCUMENTATION_COMMENTS = YES;
				CLANG_WARN_EMPTY_BODY = YES;
				CLANG_WARN_ENUM_CONVERSION = YES;
				CLANG_WARN_INFINITE_RECURSION = YES;
				CLANG_WARN_INT_CONVERSION = YES;
				CLANG_WARN_NON_LITERAL_NULL_CONVERSION = YES;
				CLANG_WARN_OBJC_IMPLICIT_RETAIN_SELF = YES;
				CLANG_WARN_OBJC_LITERAL_CONVERSION = YES;
				CLANG_WARN_OBJC_ROOT_CLASS = YES_ERROR;
				CLANG_WARN_QUOTED_INCLUDE_IN_FRAMEWORK_HEADER = YES;
				CLANG_WARN_RANGE_LOOP_ANALYSIS = YES;
				CLANG_WARN_STRICT_PROTOTYPES = YES;
				CLANG_WARN_SUSPICIOUS_MOVE = YES;
				CLANG_WARN_UNGUARDED_AVAILABILITY = YES_AGGRESSIVE;
				CLANG_WARN_UNREACHABLE_CODE = YES;
				CLANG_WARN__DUPLICATE_METHOD_MATCH = YES;
				COPY_PHASE_STRIP = NO;
				DEBUG_INFORMATION_FORMAT = dwarf;
				ENABLE_STRICT_OBJC_MSGSEND = YES;
				ENABLE_TESTABILITY = YES;
				ENABLE_USER_SCRIPT_SANDBOXING = YES;
				GCC_C_LANGUAGE_STANDARD = gnu17;
				GCC_DYNAMIC_NO_PIC = NO;
				GCC_NO_COMMON_BLOCKS = YES;
				GCC_OPTIMIZATION_LEVEL = 0;
				GCC_PREPROCESSOR_DEFINITIONS = (
					"DEBUG=1",
					"$(inherited)",
				);
				GCC_WARN_64_TO_32_BIT_CONVERSION = YES;
				GCC_WARN_ABOUT_RETURN_TYPE = YES_ERROR;
				GCC_WARN_UNDECLARED_SELECTOR = YES;
				GCC_WARN_UNINITIALIZED_AUTOS = YES_AGGRESSIVE;
				GCC_WARN_UNUSED_FUNCTION = YES;
				GCC_WARN_UNUSED_VARIABLE = YES;
				IPHONEOS_DEPLOYMENT_TARGET = 13.0;
				LOCALIZATION_PREFERS_STRING_CATALOGS = YES;
				MTL_ENABLE_DEBUG_INFO = INCLUDE_SOURCE;
				MTL_FAST_MATH = YES;
				ONLY_ACTIVE_ARCH = YES;
				SDKROOT = iphoneos;
				SWIFT_ACTIVE_COMPILATION_CONDITIONS = "DEBUG $(inherited)";
				SWIFT_OPTIMIZATION_LEVEL = "-Onone";
			};
			name = Debug;
		};
		B4EA32852BB7D74600BC3ECA /* Release */ = {
			isa = XCBuildConfiguration;
			buildSettings = {
				ALWAYS_SEARCH_USER_PATHS = NO;
				ASSETCATALOG_COMPILER_GENERATE_SWIFT_ASSET_SYMBOL_EXTENSIONS = YES;
				CLANG_ANALYZER_NONNULL = YES;
				CLANG_ANALYZER_NUMBER_OBJECT_CONVERSION = YES_AGGRESSIVE;
				CLANG_CXX_LANGUAGE_STANDARD = "gnu++20";
				CLANG_ENABLE_MODULES = YES;
				CLANG_ENABLE_OBJC_ARC = YES;
				CLANG_ENABLE_OBJC_WEAK = YES;
				CLANG_WARN_BLOCK_CAPTURE_AUTORELEASING = YES;
				CLANG_WARN_BOOL_CONVERSION = YES;
				CLANG_WARN_COMMA = YES;
				CLANG_WARN_CONSTANT_CONVERSION = YES;
				CLANG_WARN_DEPRECATED_OBJC_IMPLEMENTATIONS = YES;
				CLANG_WARN_DIRECT_OBJC_ISA_USAGE = YES_ERROR;
				CLANG_WARN_DOCUMENTATION_COMMENTS = YES;
				CLANG_WARN_EMPTY_BODY = YES;
				CLANG_WARN_ENUM_CONVERSION = YES;
				CLANG_WARN_INFINITE_RECURSION = YES;
				CLANG_WARN_INT_CONVERSION = YES;
				CLANG_WARN_NON_LITERAL_NULL_CONVERSION = YES;
				CLANG_WARN_OBJC_IMPLICIT_RETAIN_SELF = YES;
				CLANG_WARN_OBJC_LITERAL_CONVERSION = YES;
				CLANG_WARN_OBJC_ROOT_CLASS = YES_ERROR;
				CLANG_WARN_QUOTED_INCLUDE_IN_FRAMEWORK_HEADER = YES;
				CLANG_WARN_RANGE_LOOP_ANALYSIS = YES;
				CLANG_WARN_STRICT_PROTOTYPES = YES;
				CLANG_WARN_SUSPICIOUS_MOVE = YES;
				CLANG_WARN_UNGUARDED_AVAILABILITY = YES_AGGRESSIVE;
				CLANG_WARN_UNREACHABLE_CODE = YES;
				CLANG_WARN__DUPLICATE_METHOD_MATCH = YES;
				COPY_PHASE_STRIP = NO;
				DEBUG_INFORMATION_FORMAT = "dwarf-with-dsym";
				ENABLE_NS_ASSERTIONS = NO;
				ENABLE_STRICT_OBJC_MSGSEND = YES;
				ENABLE_USER_SCRIPT_SANDBOXING = YES;
				GCC_C_LANGUAGE_STANDARD = gnu17;
				GCC_NO_COMMON_BLOCKS = YES;
				GCC_WARN_64_TO_32_BIT_CONVERSION = YES;
				GCC_WARN_ABOUT_RETURN_TYPE = YES_ERROR;
				GCC_WARN_UNDECLARED_SELECTOR = YES;
				GCC_WARN_UNINITIALIZED_AUTOS = YES_AGGRESSIVE;
				GCC_WARN_UNUSED_FUNCTION = YES;
				GCC_WARN_UNUSED_VARIABLE = YES;
				IPHONEOS_DEPLOYMENT_TARGET = 13.0;
				LOCALIZATION_PREFERS_STRING_CATALOGS = YES;
				MTL_ENABLE_DEBUG_INFO = NO;
				MTL_FAST_MATH = YES;
				SDKROOT = iphoneos;
				SWIFT_COMPILATION_MODE = wholemodule;
				VALIDATE_PRODUCT = YES;
			};
			name = Release;
		};
		B4EA32872BB7D74600BC3ECA /* Debug */ = {
			isa = XCBuildConfiguration;
			buildSettings = {
				ASSETCATALOG_COMPILER_APPICON_NAME = AppIcon;
				ASSETCATALOG_COMPILER_GLOBAL_ACCENT_COLOR_NAME = AccentColor;
				CODE_SIGN_STYLE = Automatic;
				CURRENT_PROJECT_VERSION = 1;
				DEVELOPMENT_TEAM = 7MS89TXQ5T;
				GENERATE_INFOPLIST_FILE = YES;
				INFOPLIST_FILE = AppStore/Info.plist;
				INFOPLIST_KEY_UIApplicationSupportsIndirectInputEvents = YES;
				INFOPLIST_KEY_UILaunchStoryboardName = LaunchScreen;
				INFOPLIST_KEY_UIMainStoryboardFile = "";
				INFOPLIST_KEY_UISupportedInterfaceOrientations_iPad = "UIInterfaceOrientationPortrait UIInterfaceOrientationPortraitUpsideDown UIInterfaceOrientationLandscapeLeft UIInterfaceOrientationLandscapeRight";
				INFOPLIST_KEY_UISupportedInterfaceOrientations_iPhone = "UIInterfaceOrientationPortrait UIInterfaceOrientationLandscapeLeft UIInterfaceOrientationLandscapeRight";
				IPHONEOS_DEPLOYMENT_TARGET = 13.0;
				LD_RUNPATH_SEARCH_PATHS = (
					"$(inherited)",
					"@executable_path/Frameworks",
				);
				MARKETING_VERSION = 1.0;
				PRODUCT_BUNDLE_IDENTIFIER = camosss.AppStore;
				PRODUCT_NAME = "$(TARGET_NAME)";
				SWIFT_EMIT_LOC_STRINGS = YES;
				SWIFT_VERSION = 5.0;
				TARGETED_DEVICE_FAMILY = "1,2";
			};
			name = Debug;
		};
		B4EA32882BB7D74600BC3ECA /* Release */ = {
			isa = XCBuildConfiguration;
			buildSettings = {
				ASSETCATALOG_COMPILER_APPICON_NAME = AppIcon;
				ASSETCATALOG_COMPILER_GLOBAL_ACCENT_COLOR_NAME = AccentColor;
				CODE_SIGN_STYLE = Automatic;
				CURRENT_PROJECT_VERSION = 1;
				DEVELOPMENT_TEAM = 7MS89TXQ5T;
				GENERATE_INFOPLIST_FILE = YES;
				INFOPLIST_FILE = AppStore/Info.plist;
				INFOPLIST_KEY_UIApplicationSupportsIndirectInputEvents = YES;
				INFOPLIST_KEY_UILaunchStoryboardName = LaunchScreen;
				INFOPLIST_KEY_UIMainStoryboardFile = "";
				INFOPLIST_KEY_UISupportedInterfaceOrientations_iPad = "UIInterfaceOrientationPortrait UIInterfaceOrientationPortraitUpsideDown UIInterfaceOrientationLandscapeLeft UIInterfaceOrientationLandscapeRight";
				INFOPLIST_KEY_UISupportedInterfaceOrientations_iPhone = "UIInterfaceOrientationPortrait UIInterfaceOrientationLandscapeLeft UIInterfaceOrientationLandscapeRight";
				IPHONEOS_DEPLOYMENT_TARGET = 13.0;
				LD_RUNPATH_SEARCH_PATHS = (
					"$(inherited)",
					"@executable_path/Frameworks",
				);
				MARKETING_VERSION = 1.0;
				PRODUCT_BUNDLE_IDENTIFIER = camosss.AppStore;
				PRODUCT_NAME = "$(TARGET_NAME)";
				SWIFT_EMIT_LOC_STRINGS = YES;
				SWIFT_VERSION = 5.0;
				TARGETED_DEVICE_FAMILY = "1,2";
			};
			name = Release;
		};
		B4EA328A2BB7D74600BC3ECA /* Debug */ = {
			isa = XCBuildConfiguration;
			buildSettings = {
				ALWAYS_EMBED_SWIFT_STANDARD_LIBRARIES = YES;
				BUNDLE_LOADER = "$(TEST_HOST)";
				CODE_SIGN_STYLE = Automatic;
				CURRENT_PROJECT_VERSION = 1;
				DEVELOPMENT_TEAM = 7MS89TXQ5T;
				GENERATE_INFOPLIST_FILE = YES;
				IPHONEOS_DEPLOYMENT_TARGET = 17.4;
				MARKETING_VERSION = 1.0;
				PRODUCT_BUNDLE_IDENTIFIER = camosss.AppStoreTests;
				PRODUCT_NAME = "$(TARGET_NAME)";
				SWIFT_EMIT_LOC_STRINGS = NO;
				SWIFT_VERSION = 5.0;
				TARGETED_DEVICE_FAMILY = "1,2";
				TEST_HOST = "$(BUILT_PRODUCTS_DIR)/AppStore.app/$(BUNDLE_EXECUTABLE_FOLDER_PATH)/AppStore";
			};
			name = Debug;
		};
		B4EA328B2BB7D74600BC3ECA /* Release */ = {
			isa = XCBuildConfiguration;
			buildSettings = {
				ALWAYS_EMBED_SWIFT_STANDARD_LIBRARIES = YES;
				BUNDLE_LOADER = "$(TEST_HOST)";
				CODE_SIGN_STYLE = Automatic;
				CURRENT_PROJECT_VERSION = 1;
				DEVELOPMENT_TEAM = 7MS89TXQ5T;
				GENERATE_INFOPLIST_FILE = YES;
				IPHONEOS_DEPLOYMENT_TARGET = 17.4;
				MARKETING_VERSION = 1.0;
				PRODUCT_BUNDLE_IDENTIFIER = camosss.AppStoreTests;
				PRODUCT_NAME = "$(TARGET_NAME)";
				SWIFT_EMIT_LOC_STRINGS = NO;
				SWIFT_VERSION = 5.0;
				TARGETED_DEVICE_FAMILY = "1,2";
				TEST_HOST = "$(BUILT_PRODUCTS_DIR)/AppStore.app/$(BUNDLE_EXECUTABLE_FOLDER_PATH)/AppStore";
			};
			name = Release;
		};
		B4EA328D2BB7D74600BC3ECA /* Debug */ = {
			isa = XCBuildConfiguration;
			buildSettings = {
				ALWAYS_EMBED_SWIFT_STANDARD_LIBRARIES = YES;
				CODE_SIGN_STYLE = Automatic;
				CURRENT_PROJECT_VERSION = 1;
				DEVELOPMENT_TEAM = 7MS89TXQ5T;
				GENERATE_INFOPLIST_FILE = YES;
				MARKETING_VERSION = 1.0;
				PRODUCT_BUNDLE_IDENTIFIER = camosss.AppStoreUITests;
				PRODUCT_NAME = "$(TARGET_NAME)";
				SWIFT_EMIT_LOC_STRINGS = NO;
				SWIFT_VERSION = 5.0;
				TARGETED_DEVICE_FAMILY = "1,2";
				TEST_TARGET_NAME = AppStore;
			};
			name = Debug;
		};
		B4EA328E2BB7D74600BC3ECA /* Release */ = {
			isa = XCBuildConfiguration;
			buildSettings = {
				ALWAYS_EMBED_SWIFT_STANDARD_LIBRARIES = YES;
				CODE_SIGN_STYLE = Automatic;
				CURRENT_PROJECT_VERSION = 1;
				DEVELOPMENT_TEAM = 7MS89TXQ5T;
				GENERATE_INFOPLIST_FILE = YES;
				MARKETING_VERSION = 1.0;
				PRODUCT_BUNDLE_IDENTIFIER = camosss.AppStoreUITests;
				PRODUCT_NAME = "$(TARGET_NAME)";
				SWIFT_EMIT_LOC_STRINGS = NO;
				SWIFT_VERSION = 5.0;
				TARGETED_DEVICE_FAMILY = "1,2";
				TEST_TARGET_NAME = AppStore;
			};
			name = Release;
		};
/* End XCBuildConfiguration section */

/* Begin XCConfigurationList section */
		B4EA32572BB7D74500BC3ECA /* Build configuration list for PBXProject "AppStore" */ = {
			isa = XCConfigurationList;
			buildConfigurations = (
				B4EA32842BB7D74600BC3ECA /* Debug */,
				B4EA32852BB7D74600BC3ECA /* Release */,
			);
			defaultConfigurationIsVisible = 0;
			defaultConfigurationName = Release;
		};
		B4EA32862BB7D74600BC3ECA /* Build configuration list for PBXNativeTarget "AppStore" */ = {
			isa = XCConfigurationList;
			buildConfigurations = (
				B4EA32872BB7D74600BC3ECA /* Debug */,
				B4EA32882BB7D74600BC3ECA /* Release */,
			);
			defaultConfigurationIsVisible = 0;
			defaultConfigurationName = Release;
		};
		B4EA32892BB7D74600BC3ECA /* Build configuration list for PBXNativeTarget "AppStoreTests" */ = {
			isa = XCConfigurationList;
			buildConfigurations = (
				B4EA328A2BB7D74600BC3ECA /* Debug */,
				B4EA328B2BB7D74600BC3ECA /* Release */,
			);
			defaultConfigurationIsVisible = 0;
			defaultConfigurationName = Release;
		};
		B4EA328C2BB7D74600BC3ECA /* Build configuration list for PBXNativeTarget "AppStoreUITests" */ = {
			isa = XCConfigurationList;
			buildConfigurations = (
				B4EA328D2BB7D74600BC3ECA /* Debug */,
				B4EA328E2BB7D74600BC3ECA /* Release */,
			);
			defaultConfigurationIsVisible = 0;
			defaultConfigurationName = Release;
		};
/* End XCConfigurationList section */

/* Begin XCRemoteSwiftPackageReference section */
		B4EA328F2BB7DA6F00BC3ECA /* XCRemoteSwiftPackageReference "SnapKit" */ = {
			isa = XCRemoteSwiftPackageReference;
			repositoryURL = "https://github.com/SnapKit/SnapKit";
			requirement = {
				kind = upToNextMajorVersion;
				minimumVersion = 5.7.1;
			};
		};
		B4EA32902BB7DA7E00BC3ECA /* XCRemoteSwiftPackageReference "RxSwift" */ = {
			isa = XCRemoteSwiftPackageReference;
			repositoryURL = "https://github.com/ReactiveX/RxSwift";
			requirement = {
				kind = upToNextMajorVersion;
				minimumVersion = 6.6.0;
			};
		};
		B4EA32912BB7DACB00BC3ECA /* XCRemoteSwiftPackageReference "RxDataSources" */ = {
			isa = XCRemoteSwiftPackageReference;
			repositoryURL = "https://github.com/RxSwiftCommunity/RxDataSources";
			requirement = {
				kind = upToNextMajorVersion;
				minimumVersion = 5.0.2;
			};
		};
		B4EA32922BB7DAF300BC3ECA /* XCRemoteSwiftPackageReference "Moya" */ = {
			isa = XCRemoteSwiftPackageReference;
			repositoryURL = "https://github.com/Moya/Moya";
			requirement = {
				kind = upToNextMajorVersion;
				minimumVersion = 15.0.3;
			};
		};
		B4EA32952BB7DB1000BC3ECA /* XCRemoteSwiftPackageReference "Kingfisher" */ = {
			isa = XCRemoteSwiftPackageReference;
			repositoryURL = "https://github.com/onevcat/Kingfisher";
			requirement = {
				kind = upToNextMajorVersion;
				minimumVersion = 7.11.0;
			};
		};
/* End XCRemoteSwiftPackageReference section */

/* Begin XCSwiftPackageProductDependency section */
		B4EA32932BB7DAF300BC3ECA /* Moya */ = {
			isa = XCSwiftPackageProductDependency;
			package = B4EA32922BB7DAF300BC3ECA /* XCRemoteSwiftPackageReference "Moya" */;
			productName = Moya;
		};
		B4EA32962BB7DB1000BC3ECA /* Kingfisher */ = {
			isa = XCSwiftPackageProductDependency;
			package = B4EA32952BB7DB1000BC3ECA /* XCRemoteSwiftPackageReference "Kingfisher" */;
			productName = Kingfisher;
		};
		B4EA32992BB7DB1C00BC3ECA /* RxSwift */ = {
			isa = XCSwiftPackageProductDependency;
			package = B4EA32902BB7DA7E00BC3ECA /* XCRemoteSwiftPackageReference "RxSwift" */;
			productName = RxSwift;
		};
		B4EA329B2BB7DB2500BC3ECA /* RxDataSources */ = {
			isa = XCSwiftPackageProductDependency;
			package = B4EA32912BB7DACB00BC3ECA /* XCRemoteSwiftPackageReference "RxDataSources" */;
			productName = RxDataSources;
		};
		B4EA329D2BB7DB4300BC3ECA /* SnapKit */ = {
			isa = XCSwiftPackageProductDependency;
			package = B4EA328F2BB7DA6F00BC3ECA /* XCRemoteSwiftPackageReference "SnapKit" */;
			productName = SnapKit;
		};
/* End XCSwiftPackageProductDependency section */

/* Begin XCVersionGroup section */
		B4AAE0F22BBB176800F0D721 /* DataModel.xcdatamodeld */ = {
			isa = XCVersionGroup;
			children = (
				B4AAE0F32BBB176800F0D721 /* DataModel.xcdatamodel */,
			);
			currentVersion = B4AAE0F32BBB176800F0D721 /* DataModel.xcdatamodel */;
			name = DataModel.xcdatamodeld;
			path = /Users/camosss/Desktop/AppStore/AppStore/Infrastructure/DataBase/DataModel.xcdatamodeld;
			sourceTree = "<group>";
			versionGroupType = wrapper.xcdatamodel;
		};
/* End XCVersionGroup section */
	};
	rootObject = B4EA32542BB7D74500BC3ECA /* Project object */;
}
